
Microsoft Visual Studio Solution File, Format Version 11.00
# Visual Studio 2010
Project("{FAE04EC0-301F-11D3-BF4B-00C04F79EFBC}") = "bug-demo", "bug-demo.csproj", "{381D32CC-323E-429E-9CC0-B601B08BD8B9}"
EndProject
Global
	GlobalSection(SolutionConfigurationPlatforms) = preSolution
		Debug|Any CPU = Debug|Any CPU
	EndGlobalSection
	GlobalSection(ProjectConfigurationPlatforms) = postSolution
		{381D32CC-323E-429E-9CC0-B601B08BD8B9}.Debug|Any CPU.ActiveCfg = Debug|Any CPU
		{381D32CC-323E-429E-9CC0-B601B08BD8B9}.Debug|Any CPU.Build.0 = Debug|Any CPU
	EndGlobalSection
	GlobalSection(MonoDevelopProperties) = preSolution
		StartupItem = bug-demo.csproj
	EndGlobalSection
EndGlobal
